
Microsoft Visual Studio Solution File, Format Version 12.00
# Visual Studio Version 17
VisualStudioVersion = 17.13.35825.156 d17.13
MinimumVisualStudioVersion = 10.0.40219.1
Project("{FAE04EC0-301F-11D3-BF4B-00C04F79EFBC}") = "Airlines", "Airlines\Airlines.csproj", "{0A16F3CC-400D-4080-A096-E03C6FA6A8C0}"
EndProject
Global
	GlobalSection(SolutionConfigurationPlatforms) = preSolution
		Debug|Any CPU = Debug|Any CPU
		Release|Any CPU = Release|Any CPU
	EndGlobalSection
	GlobalSection(ProjectConfigurationPlatforms) = postSolution
		{0A16F3CC-400D-4080-A096-E03C6FA6A8C0}.Debug|Any CPU.ActiveCfg = Debug|Any CPU
		{0A16F3CC-400D-4080-A096-E03C6FA6A8C0}.Debug|Any CPU.Build.0 = Debug|Any CPU
		{0A16F3CC-400D-4080-A096-E03C6FA6A8C0}.Release|Any CPU.ActiveCfg = Release|Any CPU
		{0A16F3CC-400D-4080-A096-E03C6FA6A8C0}.Release|Any CPU.Build.0 = Release|Any CPU
	EndGlobalSection
	GlobalSection(SolutionProperties) = preSolution
		HideSolutionNode = FALSE
	EndGlobalSection
	GlobalSection(ExtensibilityGlobals) = postSolution
		SolutionGuid = {869F3B87-B5C1-419F-961B-A4BC6D3DD88C}
	EndGlobalSection
EndGlobal
